// !$*UTF8*$!
{
	archiveVersion = 1;
	classes = {
	};
	objectVersion = 50;
	objects = {

/* Begin PBXBuildFile section */
		69521DC0254EF7AD006FC855 /* AppDelegate.swift in Sources */ = {isa = PBXBuildFile; fileRef = 69521DBF254EF7AD006FC855 /* AppDelegate.swift */; };
		69521DC2254EF7AD006FC855 /* SceneDelegate.swift in Sources */ = {isa = PBXBuildFile; fileRef = 69521DC1254EF7AD006FC855 /* SceneDelegate.swift */; };
		69521DC4254EF7AD006FC855 /* ContentView.swift in Sources */ = {isa = PBXBuildFile; fileRef = 69521DC3254EF7AD006FC855 /* ContentView.swift */; };
		69521DC7254EF7AD006FC855 /* Bookworm.xcdatamodeld in Sources */ = {isa = PBXBuildFile; fileRef = 69521DC5254EF7AD006FC855 /* Bookworm.xcdatamodeld */; };
		69521DC9254EF7AE006FC855 /* Assets.xcassets in Resources */ = {isa = PBXBuildFile; fileRef = 69521DC8254EF7AE006FC855 /* Assets.xcassets */; };
		69521DCC254EF7AE006FC855 /* Preview Assets.xcassets in Resources */ = {isa = PBXBuildFile; fileRef = 69521DCB254EF7AE006FC855 /* Preview Assets.xcassets */; };
		69521DCF254EF7AE006FC855 /* LaunchScreen.storyboard in Resources */ = {isa = PBXBuildFile; fileRef = 69521DCD254EF7AE006FC855 /* LaunchScreen.storyboard */; };
		696C54E2254EFA0300C43726 /* SizeClassesView.swift in Sources */ = {isa = PBXBuildFile; fileRef = 696C54E1254EFA0300C43726 /* SizeClassesView.swift */; };
		696C54E5254EFDA900C43726 /* BindingsViewPractice.swift in Sources */ = {isa = PBXBuildFile; fileRef = 696C54E4254EFDA900C43726 /* BindingsViewPractice.swift */; };
/* End PBXBuildFile section */

/* Begin PBXFileReference section */
		69521DBC254EF7AD006FC855 /* Bookworm.app */ = {isa = PBXFileReference; explicitFileType = wrapper.application; includeInIndex = 0; path = Bookworm.app; sourceTree = BUILT_PRODUCTS_DIR; };
		69521DBF254EF7AD006FC855 /* AppDelegate.swift */ = {isa = PBXFileReference; lastKnownFileType = sourcecode.swift; path = AppDelegate.swift; sourceTree = "<group>"; };
		69521DC1254EF7AD006FC855 /* SceneDelegate.swift */ = {isa = PBXFileReference; lastKnownFileType = sourcecode.swift; path = SceneDelegate.swift; sourceTree = "<group>"; };
		69521DC3254EF7AD006FC855 /* ContentView.swift */ = {isa = PBXFileReference; lastKnownFileType = sourcecode.swift; path = ContentView.swift; sourceTree = "<group>"; };
		69521DC6254EF7AD006FC855 /* Bookworm.xcdatamodel */ = {isa = PBXFileReference; lastKnownFileType = wrapper.xcdatamodel; path = Bookworm.xcdatamodel; sourceTree = "<group>"; };
		69521DC8254EF7AE006FC855 /* Assets.xcassets */ = {isa = PBXFileReference; lastKnownFileType = folder.assetcatalog; path = Assets.xcassets; sourceTree = "<group>"; };
		69521DCB254EF7AE006FC855 /* Preview Assets.xcassets */ = {isa = PBXFileReference; lastKnownFileType = folder.assetcatalog; path = "Preview Assets.xcassets"; sourceTree = "<group>"; };
		69521DCE254EF7AE006FC855 /* Base */ = {isa = PBXFileReference; lastKnownFileType = file.storyboard; name = Base; path = Base.lproj/LaunchScreen.storyboard; sourceTree = "<group>"; };
		69521DD0254EF7AE006FC855 /* Info.plist */ = {isa = PBXFileReference; lastKnownFileType = text.plist.xml; path = Info.plist; sourceTree = "<group>"; };
		696C54E1254EFA0300C43726 /* SizeClassesView.swift */ = {isa = PBXFileReference; lastKnownFileType = sourcecode.swift; path = SizeClassesView.swift; sourceTree = "<group>"; };
		696C54E4254EFDA900C43726 /* BindingsViewPractice.swift */ = {isa = PBXFileReference; lastKnownFileType = sourcecode.swift; path = BindingsViewPractice.swift; sourceTree = "<group>"; };
/* End PBXFileReference section */

/* Begin PBXFrameworksBuildPhase section */
		69521DB9254EF7AD006FC855 /* Frameworks */ = {
			isa = PBXFrameworksBuildPhase;
			buildActionMask = 2147483647;
			files = (
			);
			runOnlyForDeploymentPostprocessing = 0;
		};
/* End PBXFrameworksBuildPhase section */

/* Begin PBXGroup section */
		69521DB3254EF7AD006FC855 = {
			isa = PBXGroup;
			children = (
				69521DBE254EF7AD006FC855 /* Bookworm */,
				69521DBD254EF7AD006FC855 /* Products */,
			);
			sourceTree = "<group>";
		};
		69521DBD254EF7AD006FC855 /* Products */ = {
			isa = PBXGroup;
			children = (
				69521DBC254EF7AD006FC855 /* Bookworm.app */,
			);
			name = Products;
			sourceTree = "<group>";
		};
		69521DBE254EF7AD006FC855 /* Bookworm */ = {
			isa = PBXGroup;
			children = (
				69521DBF254EF7AD006FC855 /* AppDelegate.swift */,
				69521DC1254EF7AD006FC855 /* SceneDelegate.swift */,
				69521DC3254EF7AD006FC855 /* ContentView.swift */,
				696C54E4254EFDA900C43726 /* BindingsViewPractice.swift */,
				696C54E1254EFA0300C43726 /* SizeClassesView.swift */,
				69521DC8254EF7AE006FC855 /* Assets.xcassets */,
				69521DCD254EF7AE006FC855 /* LaunchScreen.storyboard */,
				69521DD0254EF7AE006FC855 /* Info.plist */,
				69521DC5254EF7AD006FC855 /* Bookworm.xcdatamodeld */,
				69521DCA254EF7AE006FC855 /* Preview Content */,
			);
			path = Bookworm;
			sourceTree = "<group>";
		};
		69521DCA254EF7AE006FC855 /* Preview Content */ = {
			isa = PBXGroup;
			children = (
				69521DCB254EF7AE006FC855 /* Preview Assets.xcassets */,
			);
			path = "Preview Content";
			sourceTree = "<group>";
		};
/* End PBXGroup section */

/* Begin PBXNativeTarget section */
		69521DBB254EF7AD006FC855 /* Bookworm */ = {
			isa = PBXNativeTarget;
			buildConfigurationList = 69521DD3254EF7AE006FC855 /* Build configuration list for PBXNativeTarget "Bookworm" */;
			buildPhases = (
				69521DB8254EF7AD006FC855 /* Sources */,
				69521DB9254EF7AD006FC855 /* Frameworks */,
				69521DBA254EF7AD006FC855 /* Resources */,
			);
			buildRules = (
			);
			dependencies = (
			);
			name = Bookworm;
			productName = Bookworm;
			productReference = 69521DBC254EF7AD006FC855 /* Bookworm.app */;
			productType = "com.apple.product-type.application";
		};
/* End PBXNativeTarget section */

/* Begin PBXProject section */
		69521DB4254EF7AD006FC855 /* Project object */ = {
			isa = PBXProject;
			attributes = {
				LastSwiftUpdateCheck = 1210;
				LastUpgradeCheck = 1210;
				TargetAttributes = {
					69521DBB254EF7AD006FC855 = {
						CreatedOnToolsVersion = 12.1;
					};
				};
			};
			buildConfigurationList = 69521DB7254EF7AD006FC855 /* Build configuration list for PBXProject "Bookworm" */;
			compatibilityVersion = "Xcode 9.3";
			developmentRegion = en;
			hasScannedForEncodings = 0;
			knownRegions = (
				en,
				Base,
			);
			mainGroup = 69521DB3254EF7AD006FC855;
			productRefGroup = 69521DBD254EF7AD006FC855 /* Products */;
			projectDirPath = "";
			projectRoot = "";
			targets = (
				69521DBB254EF7AD006FC855 /* Bookworm */,
			);
		};
/* End PBXProject section */

/* Begin PBXResourcesBuildPhase section */
		69521DBA254EF7AD006FC855 /* Resources */ = {
			isa = PBXResourcesBuildPhase;
			buildActionMask = 2147483647;
			files = (
				69521DCF254EF7AE006FC855 /* LaunchScreen.storyboard in Resources */,
				69521DCC254EF7AE006FC855 /* Preview Assets.xcassets in Resources */,
				69521DC9254EF7AE006FC855 /* Assets.xcassets in Resources */,
			);
			runOnlyForDeploymentPostprocessing = 0;
		};
/* End PBXResourcesBuildPhase section */

/* Begin PBXSourcesBuildPhase section */
		69521DB8254EF7AD006FC855 /* Sources */ = {
			isa = PBXSourcesBuildPhase;
			buildActionMask = 2147483647;
			files = (
				696C54E2254EFA0300C43726 /* SizeClassesView.swift in Sources */,
				69521DC0254EF7AD006FC855 /* AppDelegate.swift in Sources */,
				69521DC7254EF7AD006FC855 /* Bookworm.xcdatamodeld in Sources */,
				696C54E5254EFDA900C43726 /* BindingsViewPractice.swift in Sources */,
				69521DC2254EF7AD006FC855 /* SceneDelegate.swift in Sources */,
				69521DC4254EF7AD006FC855 /* ContentView.swift in Sources */,
			);
			runOnlyForDeploymentPostprocessing = 0;
		};
/* End PBXSourcesBuildPhase section */

/* Begin PBXVariantGroup section */
		69521DCD254EF7AE006FC855 /* LaunchScreen.storyboard */ = {
			isa = PBXVariantGroup;
			children = (
				69521DCE254EF7AE006FC855 /* Base */,
			);
			name = LaunchScreen.storyboard;
			sourceTree = "<group>";
		};
/* End PBXVariantGroup section */

/* Begin XCBuildConfiguration section */
		69521DD1254EF7AE006FC855 /* Debug */ = {
			isa = XCBuildConfiguration;
			buildSettings = {
				ALWAYS_SEARCH_USER_PATHS = NO;
				CLANG_ANALYZER_NONNULL = YES;
				CLANG_ANALYZER_NUMBER_OBJECT_CONVERSION = YES_AGGRESSIVE;
				CLANG_CXX_LANGUAGE_STANDARD = "gnu++14";
				CLANG_CXX_LIBRARY = "libc++";
				CLANG_ENABLE_MODULES = YES;
				CLANG_ENABLE_OBJC_ARC = YES;
				CLANG_ENABLE_OBJC_WEAK = YES;
				CLANG_WARN_BLOCK_CAPTURE_AUTORELEASING = YES;
				CLANG_WARN_BOOL_CONVERSION = YES;
				CLANG_WARN_COMMA = YES;
				CLANG_WARN_CONSTANT_CONVERSION = YES;
				CLANG_WARN_DEPRECATED_OBJC_IMPLEMENTATIONS = YES;
				CLANG_WARN_DIRECT_OBJC_ISA_USAGE = YES_ERROR;
				CLANG_WARN_DOCUMENTATION_COMMENTS = YES;
				CLANG_WARN_EMPTY_BODY = YES;
				CLANG_WARN_ENUM_CONVERSION = YES;
				CLANG_WARN_INFINITE_RECURSION = YES;
				CLANG_WARN_INT_CONVERSION = YES;
				CLANG_WARN_NON_LITERAL_NULL_CONVERSION = YES;
				CLANG_WARN_OBJC_IMPLICIT_RETAIN_SELF = YES;
				CLANG_WARN_OBJC_LITERAL_CONVERSION = YES;
				CLANG_WARN_OBJC_ROOT_CLASS = YES_ERROR;
				CLANG_WARN_QUOTED_INCLUDE_IN_FRAMEWORK_HEADER = YES;
				CLANG_WARN_RANGE_LOOP_ANALYSIS = YES;
				CLANG_WARN_STRICT_PROTOTYPES = YES;
				CLANG_WARN_SUSPICIOUS_MOVE = YES;
				CLANG_WARN_UNGUARDED_AVAILABILITY = YES_AGGRESSIVE;
				CLANG_WARN_UNREACHABLE_CODE = YES;
				CLANG_WARN__DUPLICATE_METHOD_MATCH = YES;
				COPY_PHASE_STRIP = NO;
				DEBUG_INFORMATION_FORMAT = dwarf;
				ENABLE_STRICT_OBJC_MSGSEND = YES;
				ENABLE_TESTABILITY = YES;
				GCC_C_LANGUAGE_STANDARD = gnu11;
				GCC_DYNAMIC_NO_PIC = NO;
				GCC_NO_COMMON_BLOCKS = YES;
				GCC_OPTIMIZATION_LEVEL = 0;
				GCC_PREPROCESSOR_DEFINITIONS = (
					"DEBUG=1",
					"$(inherited)",
				);
				GCC_WARN_64_TO_32_BIT_CONVERSION = YES;
				GCC_WARN_ABOUT_RETURN_TYPE = YES_ERROR;
				GCC_WARN_UNDECLARED_SELECTOR = YES;
				GCC_WARN_UNINITIALIZED_AUTOS = YES_AGGRESSIVE;
				GCC_WARN_UNUSED_FUNCTION = YES;
				GCC_WARN_UNUSED_VARIABLE = YES;
				IPHONEOS_DEPLOYMENT_TARGET = 14.1;
				MTL_ENABLE_DEBUG_INFO = INCLUDE_SOURCE;
				MTL_FAST_MATH = YES;
				ONLY_ACTIVE_ARCH = YES;
				SDKROOT = iphoneos;
				SWIFT_ACTIVE_COMPILATION_CONDITIONS = DEBUG;
				SWIFT_OPTIMIZATION_LEVEL = "-Onone";
			};
			name = Debug;
		};
		69521DD2254EF7AE006FC855 /* Release */ = {
			isa = XCBuildConfiguration;
			buildSettings = {
				ALWAYS_SEARCH_USER_PATHS = NO;
				CLANG_ANALYZER_NONNULL = YES;
				CLANG_ANALYZER_NUMBER_OBJECT_CONVERSION = YES_AGGRESSIVE;
				CLANG_CXX_LANGUAGE_STANDARD = "gnu++14";
				CLANG_CXX_LIBRARY = "libc++";
				CLANG_ENABLE_MODULES = YES;
				CLANG_ENABLE_OBJC_ARC = YES;
				CLANG_ENABLE_OBJC_WEAK = YES;
				CLANG_WARN_BLOCK_CAPTURE_AUTORELEASING = YES;
				CLANG_WARN_BOOL_CONVERSION = YES;
				CLANG_WARN_COMMA = YES;
				CLANG_WARN_CONSTANT_CONVERSION = YES;
				CLANG_WARN_DEPRECATED_OBJC_IMPLEMENTATIONS = YES;
				CLANG_WARN_DIRECT_OBJC_ISA_USAGE = YES_ERROR;
				CLANG_WARN_DOCUMENTATION_COMMENTS = YES;
				CLANG_WARN_EMPTY_BODY = YES;
				CLANG_WARN_ENUM_CONVERSION = YES;
				CLANG_WARN_INFINITE_RECURSION = YES;
				CLANG_WARN_INT_CONVERSION = YES;
				CLANG_WARN_NON_LITERAL_NULL_CONVERSION = YES;
				CLANG_WARN_OBJC_IMPLICIT_RETAIN_SELF = YES;
				CLANG_WARN_OBJC_LITERAL_CONVERSION = YES;
				CLANG_WARN_OBJC_ROOT_CLASS = YES_ERROR;
				CLANG_WARN_QUOTED_INCLUDE_IN_FRAMEWORK_HEADER = YES;
				CLANG_WARN_RANGE_LOOP_ANALYSIS = YES;
				CLANG_WARN_STRICT_PROTOTYPES = YES;
				CLANG_WARN_SUSPICIOUS_MOVE = YES;
				CLANG_WARN_UNGUARDED_AVAILABILITY = YES_AGGRESSIVE;
				CLANG_WARN_UNREACHABLE_CODE = YES;
				CLANG_WARN__DUPLICATE_METHOD_MATCH = YES;
				COPY_PHASE_STRIP = NO;
				DEBUG_INFORMATION_FORMAT = "dwarf-with-dsym";
				ENABLE_NS_ASSERTIONS = NO;
				ENABLE_STRICT_OBJC_MSGSEND = YES;
				GCC_C_LANGUAGE_STANDARD = gnu11;
				GCC_NO_COMMON_BLOCKS = YES;
				GCC_WARN_64_TO_32_BIT_CONVERSION = YES;
				GCC_WARN_ABOUT_RETURN_TYPE = YES_ERROR;
				GCC_WARN_UNDECLARED_SELECTOR = YES;
				GCC_WARN_UNINITIALIZED_AUTOS = YES_AGGRESSIVE;
				GCC_WARN_UNUSED_FUNCTION = YES;
				GCC_WARN_UNUSED_VARIABLE = YES;
				IPHONEOS_DEPLOYMENT_TARGET = 14.1;
				MTL_ENABLE_DEBUG_INFO = NO;
				MTL_FAST_MATH = YES;
				SDKROOT = iphoneos;
				SWIFT_COMPILATION_MODE = wholemodule;
				SWIFT_OPTIMIZATION_LEVEL = "-O";
				VALIDATE_PRODUCT = YES;
			};
			name = Release;
		};
		69521DD4254EF7AE006FC855 /* Debug */ = {
			isa = XCBuildConfiguration;
			buildSettings = {
				ASSETCATALOG_COMPILER_APPICON_NAME = AppIcon;
				ASSETCATALOG_COMPILER_GLOBAL_ACCENT_COLOR_NAME = AccentColor;
				CODE_SIGN_STYLE = Automatic;
				DEVELOPMENT_ASSET_PATHS = "\"Bookworm/Preview Content\"";
				ENABLE_PREVIEWS = YES;
				INFOPLIST_FILE = Bookworm/Info.plist;
				LD_RUNPATH_SEARCH_PATHS = (
					"$(inherited)",
					"@executable_path/Frameworks",
				);
				PRODUCT_BUNDLE_IDENTIFIER = com.jlcs.Bookworm;
				PRODUCT_NAME = "$(TARGET_NAME)";
				SWIFT_VERSION = 5.0;
				TARGETED_DEVICE_FAMILY = "1,2";
			};
			name = Debug;
		};
		69521DD5254EF7AE006FC855 /* Release */ = {
			isa = XCBuildConfiguration;
			buildSettings = {
				ASSETCATALOG_COMPILER_APPICON_NAME = AppIcon;
				ASSETCATALOG_COMPILER_GLOBAL_ACCENT_COLOR_NAME = AccentColor;
				CODE_SIGN_STYLE = Automatic;
				DEVELOPMENT_ASSET_PATHS = "\"Bookworm/Preview Content\"";
				ENABLE_PREVIEWS = YES;
				INFOPLIST_FILE = Bookworm/Info.plist;
				LD_RUNPATH_SEARCH_PATHS = (
					"$(inherited)",
					"@executable_path/Frameworks",
				);
				PRODUCT_BUNDLE_IDENTIFIER = com.jlcs.Bookworm;
				PRODUCT_NAME = "$(TARGET_NAME)";
				SWIFT_VERSION = 5.0;
				TARGETED_DEVICE_FAMILY = "1,2";
			};
			name = Release;
		};
/* End XCBuildConfiguration section */

/* Begin XCConfigurationList section */
		69521DB7254EF7AD006FC855 /* Build configuration list for PBXProject "Bookworm" */ = {
			isa = XCConfigurationList;
			buildConfigurations = (
				69521DD1254EF7AE006FC855 /* Debug */,
				69521DD2254EF7AE006FC855 /* Release */,
			);
			defaultConfigurationIsVisible = 0;
			defaultConfigurationName = Release;
		};
		69521DD3254EF7AE006FC855 /* Build configuration list for PBXNativeTarget "Bookworm" */ = {
			isa = XCConfigurationList;
			buildConfigurations = (
				69521DD4254EF7AE006FC855 /* Debug */,
				69521DD5254EF7AE006FC855 /* Release */,
			);
			defaultConfigurationIsVisible = 0;
			defaultConfigurationName = Release;
		};
/* End XCConfigurationList section */

/* Begin XCVersionGroup section */
		69521DC5254EF7AD006FC855 /* Bookworm.xcdatamodeld */ = {
			isa = XCVersionGroup;
			children = (
				69521DC6254EF7AD006FC855 /* Bookworm.xcdatamodel */,
			);
			currentVersion = 69521DC6254EF7AD006FC855 /* Bookworm.xcdatamodel */;
			path = Bookworm.xcdatamodeld;
			sourceTree = "<group>";
			versionGroupType = wrapper.xcdatamodel;
		};
/* End XCVersionGroup section */
	};
	rootObject = 69521DB4254EF7AD006FC855 /* Project object */;
}
